
Microsoft Visual Studio Solution File, Format Version 12.00
# Visual Studio Version 16
VisualStudioVersion = 16.0.30114.105
MinimumVisualStudioVersion = 10.0.40219.1
Project("{FAE04EC0-301F-11D3-BF4B-00C04F79EFBC}") = "AccountOwnerServer", "AccountOwnerServer\AccountOwnerServer.csproj", "{D901D5CF-A91B-4EF3-8266-4F3365B8B697}"
EndProject
Project("{FAE04EC0-301F-11D3-BF4B-00C04F79EFBC}") = "Contracts", "Contracts\Contracts.csproj", "{3027F944-B55A-48A7-B183-1D52863831FB}"
EndProject
Project("{FAE04EC0-301F-11D3-BF4B-00C04F79EFBC}") = "LoggerService", "LoggerService\LoggerService.csproj", "{0EE2558B-C790-41CE-8330-1720A5D85857}"
EndProject
Project("{FAE04EC0-301F-11D3-BF4B-00C04F79EFBC}") = "Entities", "Entities\Entities.csproj", "{D1D9CEA4-12AD-491B-911C-5FCCAC67A0FF}"
EndProject
Project("{FAE04EC0-301F-11D3-BF4B-00C04F79EFBC}") = "Repository", "Repository\Repository.csproj", "{6FA50579-20E0-4873-B910-689692F1B802}"
EndProject
Global
	GlobalSection(SolutionConfigurationPlatforms) = preSolution
		Debug|Any CPU = Debug|Any CPU
		Release|Any CPU = Release|Any CPU
	EndGlobalSection
	GlobalSection(SolutionProperties) = preSolution
		HideSolutionNode = FALSE
	EndGlobalSection
	GlobalSection(ProjectConfigurationPlatforms) = postSolution
		{D901D5CF-A91B-4EF3-8266-4F3365B8B697}.Debug|Any CPU.ActiveCfg = Debug|Any CPU
		{D901D5CF-A91B-4EF3-8266-4F3365B8B697}.Debug|Any CPU.Build.0 = Debug|Any CPU
		{D901D5CF-A91B-4EF3-8266-4F3365B8B697}.Release|Any CPU.ActiveCfg = Release|Any CPU
		{D901D5CF-A91B-4EF3-8266-4F3365B8B697}.Release|Any CPU.Build.0 = Release|Any CPU
		{3027F944-B55A-48A7-B183-1D52863831FB}.Debug|Any CPU.ActiveCfg = Debug|Any CPU
		{3027F944-B55A-48A7-B183-1D52863831FB}.Debug|Any CPU.Build.0 = Debug|Any CPU
		{3027F944-B55A-48A7-B183-1D52863831FB}.Release|Any CPU.ActiveCfg = Release|Any CPU
		{3027F944-B55A-48A7-B183-1D52863831FB}.Release|Any CPU.Build.0 = Release|Any CPU
		{0EE2558B-C790-41CE-8330-1720A5D85857}.Debug|Any CPU.ActiveCfg = Debug|Any CPU
		{0EE2558B-C790-41CE-8330-1720A5D85857}.Debug|Any CPU.Build.0 = Debug|Any CPU
		{0EE2558B-C790-41CE-8330-1720A5D85857}.Release|Any CPU.ActiveCfg = Release|Any CPU
		{0EE2558B-C790-41CE-8330-1720A5D85857}.Release|Any CPU.Build.0 = Release|Any CPU
		{D1D9CEA4-12AD-491B-911C-5FCCAC67A0FF}.Debug|Any CPU.ActiveCfg = Debug|Any CPU
		{D1D9CEA4-12AD-491B-911C-5FCCAC67A0FF}.Debug|Any CPU.Build.0 = Debug|Any CPU
		{D1D9CEA4-12AD-491B-911C-5FCCAC67A0FF}.Release|Any CPU.ActiveCfg = Release|Any CPU
		{D1D9CEA4-12AD-491B-911C-5FCCAC67A0FF}.Release|Any CPU.Build.0 = Release|Any CPU
		{6FA50579-20E0-4873-B910-689692F1B802}.Debug|Any CPU.ActiveCfg = Debug|Any CPU
		{6FA50579-20E0-4873-B910-689692F1B802}.Debug|Any CPU.Build.0 = Debug|Any CPU
		{6FA50579-20E0-4873-B910-689692F1B802}.Release|Any CPU.ActiveCfg = Release|Any CPU
		{6FA50579-20E0-4873-B910-689692F1B802}.Release|Any CPU.Build.0 = Release|Any CPU
	EndGlobalSection
EndGlobal
